
Microsoft Visual Studio Solution File, Format Version 12.00
# Visual Studio Version 17
VisualStudioVersion = 17.5.2.0
MinimumVisualStudioVersion = 10.0.40219.1
Project("{FAE04EC0-301F-11D3-BF4B-00C04F79EFBC}") = "Project1", "Project1 - setting up the project\Project1.csproj", "{8BB79280-B47F-52DE-18F2-0BCBF197004B}"
EndProject
Project("{FAE04EC0-301F-11D3-BF4B-00C04F79EFBC}") = "Project2", "Project2 - Intro to class and object\Project2.csproj", "{5A299A04-D40E-7FFB-1F01-1B635C333AC6}"
EndProject
Project("{FAE04EC0-301F-11D3-BF4B-00C04F79EFBC}") = "Project3", "Project3 - If-else\Project3.csproj", "{4FBB6524-1F51-2CA2-042C-974AE9A2B00E}"
EndProject
Project("{FAE04EC0-301F-11D3-BF4B-00C04F79EFBC}") = "Project4", "Project4 - array\Project4.csproj", "{07039F50-B799-5EA1-C387-86CAB78346C8}"
EndProject
Project("{FAE04EC0-301F-11D3-BF4B-00C04F79EFBC}") = "Project5 - foreach", "Project5 - foreach\Project5 - foreach.csproj", "{2743B847-6015-4789-9538-226DD7C59AB5}"
EndProject
Project("{FAE04EC0-301F-11D3-BF4B-00C04F79EFBC}") = "Project6 - application using foreach and if", "Project6 - application using foreach and if\Project6 - application using foreach and if.csproj", "{3C1FFD78-7F75-4F1A-AE68-5F8E9CF4A661}"
EndProject
Project("{FAE04EC0-301F-11D3-BF4B-00C04F79EFBC}") = "Project7 - Ternary Conditional Operator", "Project7 - Ternary Conditional Operator\Project7 - Ternary Conditional Operator.csproj", "{20006EBD-05EE-477E-8832-7841FEAAFAAA}"
EndProject
Project("{FAE04EC0-301F-11D3-BF4B-00C04F79EFBC}") = "Project8 - Code blocks", "Project8 - Code blocks\Project8 - Code blocks.csproj", "{036A79A9-7FDC-4C1E-86EE-91A7829451D3}"
EndProject
Project("{FAE04EC0-301F-11D3-BF4B-00C04F79EFBC}") = "Project9 - do-while", "Project9 - do-while\Project9 - do-while.csproj", "{6E19901B-C139-480B-A6F1-5A036900B398}"
EndProject
Project("{FAE04EC0-301F-11D3-BF4B-00C04F79EFBC}") = "Project10 - dataTypes", "Project10 - dataTypes\Project10 - dataTypes.csproj", "{417F9464-6CF8-490A-9CDF-19D09221A7C1}"
EndProject
Project("{FAE04EC0-301F-11D3-BF4B-00C04F79EFBC}") = "Project11 - Operations on arrays", "Project11 - Operations on Arrays\Project11 - Operations on arrays.csproj", "{152B688D-5B68-45DA-A41E-4832A5E00B49}"
EndProject
Project("{FAE04EC0-301F-11D3-BF4B-00C04F79EFBC}") = "Project12 - Modifying the contents of a string", "Project12 - Modifying the contents of a string\Project12 - Modifying the contents of a string.csproj", "{C3784B99-C614-4684-9D09-1CA9B8E87DBC}"
EndProject
Project("{FAE04EC0-301F-11D3-BF4B-00C04F79EFBC}") = "Project13 - Creating Methods", "Project13 - Creating Methods\Project13 - Creating Methods.csproj", "{B94BD41F-7112-4877-AF34-945E38947019}"
EndProject
Project("{FAE04EC0-301F-11D3-BF4B-00C04F79EFBC}") = "Project14 - Debugging", "Project14 - Debugging\Project14 - Debugging.csproj", "{9CAC0ECA-8717-45CE-A509-BD2FDA060E91}"
EndProject
Project("{FAE04EC0-301F-11D3-BF4B-00C04F79EFBC}") = "Project15 - Working with methods", "Project15 - Working with methods\Project15 - Working with methods.csproj", "{03A74DF1-2CB5-484A-AE8D-3CE9C6CD69F8}"
EndProject
Project("{FAE04EC0-301F-11D3-BF4B-00C04F79EFBC}") = "Project16 - Working Class and Object", "Project16 - Working Class and Object\Project16 - Working Class and Object.csproj", "{4F3E9EED-A31E-46A9-BE80-359EC872B333}"
EndProject
Project("{FAE04EC0-301F-11D3-BF4B-00C04F79EFBC}") = "Project17 - Properties Get and Set", "Project17 - Properties Get and Set\Project17 - Properties Get and Set.csproj", "{D93B6D29-8B94-4970-A712-A42CF5BD750A}"
EndProject
Global
	GlobalSection(SolutionConfigurationPlatforms) = preSolution
		Debug|Any CPU = Debug|Any CPU
		Release|Any CPU = Release|Any CPU
	EndGlobalSection
	GlobalSection(ProjectConfigurationPlatforms) = postSolution
		{8BB79280-B47F-52DE-18F2-0BCBF197004B}.Debug|Any CPU.ActiveCfg = Debug|Any CPU
		{8BB79280-B47F-52DE-18F2-0BCBF197004B}.Debug|Any CPU.Build.0 = Debug|Any CPU
		{8BB79280-B47F-52DE-18F2-0BCBF197004B}.Release|Any CPU.ActiveCfg = Release|Any CPU
		{8BB79280-B47F-52DE-18F2-0BCBF197004B}.Release|Any CPU.Build.0 = Release|Any CPU
		{5A299A04-D40E-7FFB-1F01-1B635C333AC6}.Debug|Any CPU.ActiveCfg = Debug|Any CPU
		{5A299A04-D40E-7FFB-1F01-1B635C333AC6}.Debug|Any CPU.Build.0 = Debug|Any CPU
		{5A299A04-D40E-7FFB-1F01-1B635C333AC6}.Release|Any CPU.ActiveCfg = Release|Any CPU
		{5A299A04-D40E-7FFB-1F01-1B635C333AC6}.Release|Any CPU.Build.0 = Release|Any CPU
		{4FBB6524-1F51-2CA2-042C-974AE9A2B00E}.Debug|Any CPU.ActiveCfg = Debug|Any CPU
		{4FBB6524-1F51-2CA2-042C-974AE9A2B00E}.Debug|Any CPU.Build.0 = Debug|Any CPU
		{4FBB6524-1F51-2CA2-042C-974AE9A2B00E}.Release|Any CPU.ActiveCfg = Release|Any CPU
		{4FBB6524-1F51-2CA2-042C-974AE9A2B00E}.Release|Any CPU.Build.0 = Release|Any CPU
		{07039F50-B799-5EA1-C387-86CAB78346C8}.Debug|Any CPU.ActiveCfg = Debug|Any CPU
		{07039F50-B799-5EA1-C387-86CAB78346C8}.Debug|Any CPU.Build.0 = Debug|Any CPU
		{07039F50-B799-5EA1-C387-86CAB78346C8}.Release|Any CPU.ActiveCfg = Release|Any CPU
		{07039F50-B799-5EA1-C387-86CAB78346C8}.Release|Any CPU.Build.0 = Release|Any CPU
		{2743B847-6015-4789-9538-226DD7C59AB5}.Debug|Any CPU.ActiveCfg = Debug|Any CPU
		{2743B847-6015-4789-9538-226DD7C59AB5}.Debug|Any CPU.Build.0 = Debug|Any CPU
		{2743B847-6015-4789-9538-226DD7C59AB5}.Release|Any CPU.ActiveCfg = Release|Any CPU
		{2743B847-6015-4789-9538-226DD7C59AB5}.Release|Any CPU.Build.0 = Release|Any CPU
		{3C1FFD78-7F75-4F1A-AE68-5F8E9CF4A661}.Debug|Any CPU.ActiveCfg = Debug|Any CPU
		{3C1FFD78-7F75-4F1A-AE68-5F8E9CF4A661}.Debug|Any CPU.Build.0 = Debug|Any CPU
		{3C1FFD78-7F75-4F1A-AE68-5F8E9CF4A661}.Release|Any CPU.ActiveCfg = Release|Any CPU
		{3C1FFD78-7F75-4F1A-AE68-5F8E9CF4A661}.Release|Any CPU.Build.0 = Release|Any CPU
		{20006EBD-05EE-477E-8832-7841FEAAFAAA}.Debug|Any CPU.ActiveCfg = Debug|Any CPU
		{20006EBD-05EE-477E-8832-7841FEAAFAAA}.Debug|Any CPU.Build.0 = Debug|Any CPU
		{20006EBD-05EE-477E-8832-7841FEAAFAAA}.Release|Any CPU.ActiveCfg = Release|Any CPU
		{20006EBD-05EE-477E-8832-7841FEAAFAAA}.Release|Any CPU.Build.0 = Release|Any CPU
		{036A79A9-7FDC-4C1E-86EE-91A7829451D3}.Debug|Any CPU.ActiveCfg = Debug|Any CPU
		{036A79A9-7FDC-4C1E-86EE-91A7829451D3}.Debug|Any CPU.Build.0 = Debug|Any CPU
		{036A79A9-7FDC-4C1E-86EE-91A7829451D3}.Release|Any CPU.ActiveCfg = Release|Any CPU
		{036A79A9-7FDC-4C1E-86EE-91A7829451D3}.Release|Any CPU.Build.0 = Release|Any CPU
		{6E19901B-C139-480B-A6F1-5A036900B398}.Debug|Any CPU.ActiveCfg = Debug|Any CPU
		{6E19901B-C139-480B-A6F1-5A036900B398}.Debug|Any CPU.Build.0 = Debug|Any CPU
		{6E19901B-C139-480B-A6F1-5A036900B398}.Release|Any CPU.ActiveCfg = Release|Any CPU
		{6E19901B-C139-480B-A6F1-5A036900B398}.Release|Any CPU.Build.0 = Release|Any CPU
		{417F9464-6CF8-490A-9CDF-19D09221A7C1}.Debug|Any CPU.ActiveCfg = Debug|Any CPU
		{417F9464-6CF8-490A-9CDF-19D09221A7C1}.Debug|Any CPU.Build.0 = Debug|Any CPU
		{417F9464-6CF8-490A-9CDF-19D09221A7C1}.Release|Any CPU.ActiveCfg = Release|Any CPU
		{417F9464-6CF8-490A-9CDF-19D09221A7C1}.Release|Any CPU.Build.0 = Release|Any CPU
		{152B688D-5B68-45DA-A41E-4832A5E00B49}.Debug|Any CPU.ActiveCfg = Debug|Any CPU
		{152B688D-5B68-45DA-A41E-4832A5E00B49}.Debug|Any CPU.Build.0 = Debug|Any CPU
		{152B688D-5B68-45DA-A41E-4832A5E00B49}.Release|Any CPU.ActiveCfg = Release|Any CPU
		{152B688D-5B68-45DA-A41E-4832A5E00B49}.Release|Any CPU.Build.0 = Release|Any CPU
		{C3784B99-C614-4684-9D09-1CA9B8E87DBC}.Debug|Any CPU.ActiveCfg = Debug|Any CPU
		{C3784B99-C614-4684-9D09-1CA9B8E87DBC}.Debug|Any CPU.Build.0 = Debug|Any CPU
		{C3784B99-C614-4684-9D09-1CA9B8E87DBC}.Release|Any CPU.ActiveCfg = Release|Any CPU
		{C3784B99-C614-4684-9D09-1CA9B8E87DBC}.Release|Any CPU.Build.0 = Release|Any CPU
		{B94BD41F-7112-4877-AF34-945E38947019}.Debug|Any CPU.ActiveCfg = Debug|Any CPU
		{B94BD41F-7112-4877-AF34-945E38947019}.Debug|Any CPU.Build.0 = Debug|Any CPU
		{B94BD41F-7112-4877-AF34-945E38947019}.Release|Any CPU.ActiveCfg = Release|Any CPU
		{B94BD41F-7112-4877-AF34-945E38947019}.Release|Any CPU.Build.0 = Release|Any CPU
		{9CAC0ECA-8717-45CE-A509-BD2FDA060E91}.Debug|Any CPU.ActiveCfg = Debug|Any CPU
		{9CAC0ECA-8717-45CE-A509-BD2FDA060E91}.Debug|Any CPU.Build.0 = Debug|Any CPU
		{9CAC0ECA-8717-45CE-A509-BD2FDA060E91}.Release|Any CPU.ActiveCfg = Release|Any CPU
		{9CAC0ECA-8717-45CE-A509-BD2FDA060E91}.Release|Any CPU.Build.0 = Release|Any CPU
		{03A74DF1-2CB5-484A-AE8D-3CE9C6CD69F8}.Debug|Any CPU.ActiveCfg = Debug|Any CPU
		{03A74DF1-2CB5-484A-AE8D-3CE9C6CD69F8}.Debug|Any CPU.Build.0 = Debug|Any CPU
		{03A74DF1-2CB5-484A-AE8D-3CE9C6CD69F8}.Release|Any CPU.ActiveCfg = Release|Any CPU
		{03A74DF1-2CB5-484A-AE8D-3CE9C6CD69F8}.Release|Any CPU.Build.0 = Release|Any CPU
		{4F3E9EED-A31E-46A9-BE80-359EC872B333}.Debug|Any CPU.ActiveCfg = Debug|Any CPU
		{4F3E9EED-A31E-46A9-BE80-359EC872B333}.Debug|Any CPU.Build.0 = Debug|Any CPU
		{4F3E9EED-A31E-46A9-BE80-359EC872B333}.Release|Any CPU.ActiveCfg = Release|Any CPU
		{4F3E9EED-A31E-46A9-BE80-359EC872B333}.Release|Any CPU.Build.0 = Release|Any CPU
		{D93B6D29-8B94-4970-A712-A42CF5BD750A}.Debug|Any CPU.ActiveCfg = Debug|Any CPU
		{D93B6D29-8B94-4970-A712-A42CF5BD750A}.Debug|Any CPU.Build.0 = Debug|Any CPU
		{D93B6D29-8B94-4970-A712-A42CF5BD750A}.Release|Any CPU.ActiveCfg = Release|Any CPU
		{D93B6D29-8B94-4970-A712-A42CF5BD750A}.Release|Any CPU.Build.0 = Release|Any CPU
	EndGlobalSection
	GlobalSection(SolutionProperties) = preSolution
		HideSolutionNode = FALSE
	EndGlobalSection
	GlobalSection(ExtensibilityGlobals) = postSolution
		SolutionGuid = {E50444B7-6591-4EA8-A337-831373A48559}
	EndGlobalSection
EndGlobal
